// !$*UTF8*$!
{
	archiveVersion = 1;
	classes = {
	};
	objectVersion = 56;
	objects = {

/* Begin PBXBuildFile section */
		9C14033F29F938580062695D /* AppDelegate.swift in Sources */ = {isa = PBXBuildFile; fileRef = 9C14033E29F938580062695D /* AppDelegate.swift */; };
		9C14034129F938580062695D /* SceneDelegate.swift in Sources */ = {isa = PBXBuildFile; fileRef = 9C14034029F938580062695D /* SceneDelegate.swift */; };
		9C14034629F938580062695D /* Main.storyboard in Resources */ = {isa = PBXBuildFile; fileRef = 9C14034429F938580062695D /* Main.storyboard */; };
		9C14034829F938590062695D /* Assets.xcassets in Resources */ = {isa = PBXBuildFile; fileRef = 9C14034729F938590062695D /* Assets.xcassets */; };
		9C14034B29F938590062695D /* LaunchScreen.storyboard in Resources */ = {isa = PBXBuildFile; fileRef = 9C14034929F938590062695D /* LaunchScreen.storyboard */; };
		9C14035629F939B30062695D /* Character.swift in Sources */ = {isa = PBXBuildFile; fileRef = 9C14035529F939B30062695D /* Character.swift */; };
		9C14035929F939DA0062695D /* SharedInfo.swift in Sources */ = {isa = PBXBuildFile; fileRef = 9C14035829F939DA0062695D /* SharedInfo.swift */; };
		9C14035B29F939F40062695D /* Constants.swift in Sources */ = {isa = PBXBuildFile; fileRef = 9C14035A29F939F40062695D /* Constants.swift */; };
		9C14035D29F93A250062695D /* SplitViewController.swift in Sources */ = {isa = PBXBuildFile; fileRef = 9C14035C29F93A250062695D /* SplitViewController.swift */; };
		9C14035F29F93B020062695D /* DetailsViewController.swift in Sources */ = {isa = PBXBuildFile; fileRef = 9C14035E29F93B020062695D /* DetailsViewController.swift */; };
		9C14036129F93B190062695D /* ListViewController.swift in Sources */ = {isa = PBXBuildFile; fileRef = 9C14036029F93B190062695D /* ListViewController.swift */; };
		9C14036629F93B3A0062695D /* ListCell.swift in Sources */ = {isa = PBXBuildFile; fileRef = 9C14036529F93B3A0062695D /* ListCell.swift */; };
		9C14036829F93C440062695D /* AlertView.swift in Sources */ = {isa = PBXBuildFile; fileRef = 9C14036729F93C440062695D /* AlertView.swift */; };
		9C14036A29F93C720062695D /* Network.swift in Sources */ = {isa = PBXBuildFile; fileRef = 9C14036929F93C720062695D /* Network.swift */; };
		9C14036F29F940060062695D /* UIImageView.swift in Sources */ = {isa = PBXBuildFile; fileRef = 9C14036E29F940060062695D /* UIImageView.swift */; };
		9C14037129F9400F0062695D /* String.swift in Sources */ = {isa = PBXBuildFile; fileRef = 9C14037029F9400F0062695D /* String.swift */; };
		9C14037329F940180062695D /* UIApplication.swift in Sources */ = {isa = PBXBuildFile; fileRef = 9C14037229F940180062695D /* UIApplication.swift */; };
/* End PBXBuildFile section */

/* Begin PBXFileReference section */
		9C14033B29F938580062695D /* simpsons-app.app */ = {isa = PBXFileReference; explicitFileType = wrapper.application; includeInIndex = 0; path = "simpsons-app.app"; sourceTree = BUILT_PRODUCTS_DIR; };
		9C14033E29F938580062695D /* AppDelegate.swift */ = {isa = PBXFileReference; lastKnownFileType = sourcecode.swift; path = AppDelegate.swift; sourceTree = "<group>"; };
		9C14034029F938580062695D /* SceneDelegate.swift */ = {isa = PBXFileReference; lastKnownFileType = sourcecode.swift; path = SceneDelegate.swift; sourceTree = "<group>"; };
		9C14034529F938580062695D /* Base */ = {isa = PBXFileReference; lastKnownFileType = file.storyboard; name = Base; path = Base.lproj/Main.storyboard; sourceTree = "<group>"; };
		9C14034729F938590062695D /* Assets.xcassets */ = {isa = PBXFileReference; lastKnownFileType = folder.assetcatalog; path = Assets.xcassets; sourceTree = "<group>"; };
		9C14034A29F938590062695D /* Base */ = {isa = PBXFileReference; lastKnownFileType = file.storyboard; name = Base; path = Base.lproj/LaunchScreen.storyboard; sourceTree = "<group>"; };
		9C14034C29F938590062695D /* Info.plist */ = {isa = PBXFileReference; lastKnownFileType = text.plist.xml; path = Info.plist; sourceTree = "<group>"; };
		9C14035529F939B30062695D /* Character.swift */ = {isa = PBXFileReference; lastKnownFileType = sourcecode.swift; path = Character.swift; sourceTree = "<group>"; };
		9C14035829F939DA0062695D /* SharedInfo.swift */ = {isa = PBXFileReference; lastKnownFileType = sourcecode.swift; path = SharedInfo.swift; sourceTree = "<group>"; };
		9C14035A29F939F40062695D /* Constants.swift */ = {isa = PBXFileReference; lastKnownFileType = sourcecode.swift; path = Constants.swift; sourceTree = "<group>"; };
		9C14035C29F93A250062695D /* SplitViewController.swift */ = {isa = PBXFileReference; lastKnownFileType = sourcecode.swift; path = SplitViewController.swift; sourceTree = "<group>"; };
		9C14035E29F93B020062695D /* DetailsViewController.swift */ = {isa = PBXFileReference; lastKnownFileType = sourcecode.swift; path = DetailsViewController.swift; sourceTree = "<group>"; };
		9C14036029F93B190062695D /* ListViewController.swift */ = {isa = PBXFileReference; lastKnownFileType = sourcecode.swift; path = ListViewController.swift; sourceTree = "<group>"; };
		9C14036529F93B3A0062695D /* ListCell.swift */ = {isa = PBXFileReference; lastKnownFileType = sourcecode.swift; path = ListCell.swift; sourceTree = "<group>"; };
		9C14036729F93C440062695D /* AlertView.swift */ = {isa = PBXFileReference; lastKnownFileType = sourcecode.swift; path = AlertView.swift; sourceTree = "<group>"; };
		9C14036929F93C720062695D /* Network.swift */ = {isa = PBXFileReference; lastKnownFileType = sourcecode.swift; path = Network.swift; sourceTree = "<group>"; };
		9C14036E29F940060062695D /* UIImageView.swift */ = {isa = PBXFileReference; lastKnownFileType = sourcecode.swift; path = UIImageView.swift; sourceTree = "<group>"; };
		9C14037029F9400F0062695D /* String.swift */ = {isa = PBXFileReference; lastKnownFileType = sourcecode.swift; path = String.swift; sourceTree = "<group>"; };
		9C14037229F940180062695D /* UIApplication.swift */ = {isa = PBXFileReference; lastKnownFileType = sourcecode.swift; path = UIApplication.swift; sourceTree = "<group>"; };
/* End PBXFileReference section */

/* Begin PBXFrameworksBuildPhase section */
		9C14033829F938580062695D /* Frameworks */ = {
			isa = PBXFrameworksBuildPhase;
			buildActionMask = 2147483647;
			files = (
			);
			runOnlyForDeploymentPostprocessing = 0;
		};
/* End PBXFrameworksBuildPhase section */

/* Begin PBXGroup section */
		9C14033229F938580062695D = {
			isa = PBXGroup;
			children = (
				9C14033D29F938580062695D /* simpsons-app */,
				9C14033C29F938580062695D /* Products */,
			);
			sourceTree = "<group>";
		};
		9C14033C29F938580062695D /* Products */ = {
			isa = PBXGroup;
			children = (
				9C14033B29F938580062695D /* simpsons-app.app */,
			);
			name = Products;
			sourceTree = "<group>";
		};
		9C14033D29F938580062695D /* simpsons-app */ = {
			isa = PBXGroup;
			children = (
				9C14036D29F93FF10062695D /* Extensions */,
				9C14036C29F93F150062695D /* Storyboard */,
				9C14036B29F93F050062695D /* Delegate */,
				9C14036429F93B2A0062695D /* View */,
				9C14035729F939C70062695D /* Helpers */,
				9C14035429F939A50062695D /* Provider */,
				9C14035329F939900062695D /* ViewController */,
				9C14035229F9398B0062695D /* Model */,
				9C14034729F938590062695D /* Assets.xcassets */,
				9C14034C29F938590062695D /* Info.plist */,
			);
			path = "simpsons-app";
			sourceTree = "<group>";
		};
		9C14035229F9398B0062695D /* Model */ = {
			isa = PBXGroup;
			children = (
				9C14035529F939B30062695D /* Character.swift */,
			);
			path = Model;
			sourceTree = "<group>";
		};
		9C14035329F939900062695D /* ViewController */ = {
			isa = PBXGroup;
			children = (
				9C14035C29F93A250062695D /* SplitViewController.swift */,
				9C14035E29F93B020062695D /* DetailsViewController.swift */,
				9C14036029F93B190062695D /* ListViewController.swift */,
			);
			path = ViewController;
			sourceTree = "<group>";
		};
		9C14035429F939A50062695D /* Provider */ = {
			isa = PBXGroup;
			children = (
				9C14036929F93C720062695D /* Network.swift */,
			);
			path = Provider;
			sourceTree = "<group>";
		};
		9C14035729F939C70062695D /* Helpers */ = {
			isa = PBXGroup;
			children = (
				9C14035829F939DA0062695D /* SharedInfo.swift */,
				9C14035A29F939F40062695D /* Constants.swift */,
			);
			path = Helpers;
			sourceTree = "<group>";
		};
		9C14036429F93B2A0062695D /* View */ = {
			isa = PBXGroup;
			children = (
				9C14036529F93B3A0062695D /* ListCell.swift */,
				9C14036729F93C440062695D /* AlertView.swift */,
			);
			path = View;
			sourceTree = "<group>";
		};
		9C14036B29F93F050062695D /* Delegate */ = {
			isa = PBXGroup;
			children = (
				9C14033E29F938580062695D /* AppDelegate.swift */,
				9C14034029F938580062695D /* SceneDelegate.swift */,
			);
			path = Delegate;
			sourceTree = "<group>";
		};
		9C14036C29F93F150062695D /* Storyboard */ = {
			isa = PBXGroup;
			children = (
				9C14034429F938580062695D /* Main.storyboard */,
				9C14034929F938590062695D /* LaunchScreen.storyboard */,
			);
			path = Storyboard;
			sourceTree = "<group>";
		};
		9C14036D29F93FF10062695D /* Extensions */ = {
			isa = PBXGroup;
			children = (
				9C14036E29F940060062695D /* UIImageView.swift */,
				9C14037029F9400F0062695D /* String.swift */,
				9C14037229F940180062695D /* UIApplication.swift */,
			);
			path = Extensions;
			sourceTree = "<group>";
		};
/* End PBXGroup section */

/* Begin PBXNativeTarget section */
		9C14033A29F938580062695D /* simpsons-app */ = {
			isa = PBXNativeTarget;
			buildConfigurationList = 9C14034F29F938590062695D /* Build configuration list for PBXNativeTarget "simpsons-app" */;
			buildPhases = (
				9C14033729F938580062695D /* Sources */,
				9C14033829F938580062695D /* Frameworks */,
				9C14033929F938580062695D /* Resources */,
			);
			buildRules = (
			);
			dependencies = (
			);
			name = "simpsons-app";
			productName = "simpsons-app";
			productReference = 9C14033B29F938580062695D /* simpsons-app.app */;
			productType = "com.apple.product-type.application";
		};
/* End PBXNativeTarget section */

/* Begin PBXProject section */
		9C14033329F938580062695D /* Project object */ = {
			isa = PBXProject;
			attributes = {
				BuildIndependentTargetsInParallel = 1;
				LastSwiftUpdateCheck = 1430;
				LastUpgradeCheck = 1430;
				TargetAttributes = {
					9C14033A29F938580062695D = {
						CreatedOnToolsVersion = 14.3;
					};
				};
			};
			buildConfigurationList = 9C14033629F938580062695D /* Build configuration list for PBXProject "simpsons-app" */;
			compatibilityVersion = "Xcode 14.0";
			developmentRegion = en;
			hasScannedForEncodings = 0;
			knownRegions = (
				en,
				Base,
			);
			mainGroup = 9C14033229F938580062695D;
			productRefGroup = 9C14033C29F938580062695D /* Products */;
			projectDirPath = "";
			projectRoot = "";
			targets = (
				9C14033A29F938580062695D /* simpsons-app */,
			);
		};
/* End PBXProject section */

/* Begin PBXResourcesBuildPhase section */
		9C14033929F938580062695D /* Resources */ = {
			isa = PBXResourcesBuildPhase;
			buildActionMask = 2147483647;
			files = (
				9C14034B29F938590062695D /* LaunchScreen.storyboard in Resources */,
				9C14034829F938590062695D /* Assets.xcassets in Resources */,
				9C14034629F938580062695D /* Main.storyboard in Resources */,
			);
			runOnlyForDeploymentPostprocessing = 0;
		};
/* End PBXResourcesBuildPhase section */

/* Begin PBXSourcesBuildPhase section */
		9C14033729F938580062695D /* Sources */ = {
			isa = PBXSourcesBuildPhase;
			buildActionMask = 2147483647;
			files = (
				9C14035D29F93A250062695D /* SplitViewController.swift in Sources */,
				9C14037129F9400F0062695D /* String.swift in Sources */,
				9C14036A29F93C720062695D /* Network.swift in Sources */,
				9C14033F29F938580062695D /* AppDelegate.swift in Sources */,
				9C14036829F93C440062695D /* AlertView.swift in Sources */,
				9C14036F29F940060062695D /* UIImageView.swift in Sources */,
				9C14036629F93B3A0062695D /* ListCell.swift in Sources */,
				9C14035F29F93B020062695D /* DetailsViewController.swift in Sources */,
				9C14037329F940180062695D /* UIApplication.swift in Sources */,
				9C14035929F939DA0062695D /* SharedInfo.swift in Sources */,
				9C14036129F93B190062695D /* ListViewController.swift in Sources */,
				9C14034129F938580062695D /* SceneDelegate.swift in Sources */,
				9C14035629F939B30062695D /* Character.swift in Sources */,
				9C14035B29F939F40062695D /* Constants.swift in Sources */,
			);
			runOnlyForDeploymentPostprocessing = 0;
		};
/* End PBXSourcesBuildPhase section */

/* Begin PBXVariantGroup section */
		9C14034429F938580062695D /* Main.storyboard */ = {
			isa = PBXVariantGroup;
			children = (
				9C14034529F938580062695D /* Base */,
			);
			name = Main.storyboard;
			sourceTree = "<group>";
		};
		9C14034929F938590062695D /* LaunchScreen.storyboard */ = {
			isa = PBXVariantGroup;
			children = (
				9C14034A29F938590062695D /* Base */,
			);
			name = LaunchScreen.storyboard;
			sourceTree = "<group>";
		};
/* End PBXVariantGroup section */

/* Begin XCBuildConfiguration section */
		9C14034D29F938590062695D /* Debug */ = {
			isa = XCBuildConfiguration;
			buildSettings = {
				ALWAYS_SEARCH_USER_PATHS = NO;
				CLANG_ANALYZER_NONNULL = YES;
				CLANG_ANALYZER_NUMBER_OBJECT_CONVERSION = YES_AGGRESSIVE;
				CLANG_CXX_LANGUAGE_STANDARD = "gnu++20";
				CLANG_ENABLE_MODULES = YES;
				CLANG_ENABLE_OBJC_ARC = YES;
				CLANG_ENABLE_OBJC_WEAK = YES;
				CLANG_WARN_BLOCK_CAPTURE_AUTORELEASING = YES;
				CLANG_WARN_BOOL_CONVERSION = YES;
				CLANG_WARN_COMMA = YES;
				CLANG_WARN_CONSTANT_CONVERSION = YES;
				CLANG_WARN_DEPRECATED_OBJC_IMPLEMENTATIONS = YES;
				CLANG_WARN_DIRECT_OBJC_ISA_USAGE = YES_ERROR;
				CLANG_WARN_DOCUMENTATION_COMMENTS = YES;
				CLANG_WARN_EMPTY_BODY = YES;
				CLANG_WARN_ENUM_CONVERSION = YES;
				CLANG_WARN_INFINITE_RECURSION = YES;
				CLANG_WARN_INT_CONVERSION = YES;
				CLANG_WARN_NON_LITERAL_NULL_CONVERSION = YES;
				CLANG_WARN_OBJC_IMPLICIT_RETAIN_SELF = YES;
				CLANG_WARN_OBJC_LITERAL_CONVERSION = YES;
				CLANG_WARN_OBJC_ROOT_CLASS = YES_ERROR;
				CLANG_WARN_QUOTED_INCLUDE_IN_FRAMEWORK_HEADER = YES;
				CLANG_WARN_RANGE_LOOP_ANALYSIS = YES;
				CLANG_WARN_STRICT_PROTOTYPES = YES;
				CLANG_WARN_SUSPICIOUS_MOVE = YES;
				CLANG_WARN_UNGUARDED_AVAILABILITY = YES_AGGRESSIVE;
				CLANG_WARN_UNREACHABLE_CODE = YES;
				CLANG_WARN__DUPLICATE_METHOD_MATCH = YES;
				COPY_PHASE_STRIP = NO;
				DEBUG_INFORMATION_FORMAT = dwarf;
				ENABLE_STRICT_OBJC_MSGSEND = YES;
				ENABLE_TESTABILITY = YES;
				GCC_C_LANGUAGE_STANDARD = gnu11;
				GCC_DYNAMIC_NO_PIC = NO;
				GCC_NO_COMMON_BLOCKS = YES;
				GCC_OPTIMIZATION_LEVEL = 0;
				GCC_PREPROCESSOR_DEFINITIONS = (
					"DEBUG=1",
					"$(inherited)",
				);
				GCC_WARN_64_TO_32_BIT_CONVERSION = YES;
				GCC_WARN_ABOUT_RETURN_TYPE = YES_ERROR;
				GCC_WARN_UNDECLARED_SELECTOR = YES;
				GCC_WARN_UNINITIALIZED_AUTOS = YES_AGGRESSIVE;
				GCC_WARN_UNUSED_FUNCTION = YES;
				GCC_WARN_UNUSED_VARIABLE = YES;
				IPHONEOS_DEPLOYMENT_TARGET = 16.4;
				MTL_ENABLE_DEBUG_INFO = INCLUDE_SOURCE;
				MTL_FAST_MATH = YES;
				ONLY_ACTIVE_ARCH = YES;
				SDKROOT = iphoneos;
				SWIFT_ACTIVE_COMPILATION_CONDITIONS = DEBUG;
				SWIFT_OPTIMIZATION_LEVEL = "-Onone";
			};
			name = Debug;
		};
		9C14034E29F938590062695D /* Release */ = {
			isa = XCBuildConfiguration;
			buildSettings = {
				ALWAYS_SEARCH_USER_PATHS = NO;
				CLANG_ANALYZER_NONNULL = YES;
				CLANG_ANALYZER_NUMBER_OBJECT_CONVERSION = YES_AGGRESSIVE;
				CLANG_CXX_LANGUAGE_STANDARD = "gnu++20";
				CLANG_ENABLE_MODULES = YES;
				CLANG_ENABLE_OBJC_ARC = YES;
				CLANG_ENABLE_OBJC_WEAK = YES;
				CLANG_WARN_BLOCK_CAPTURE_AUTORELEASING = YES;
				CLANG_WARN_BOOL_CONVERSION = YES;
				CLANG_WARN_COMMA = YES;
				CLANG_WARN_CONSTANT_CONVERSION = YES;
				CLANG_WARN_DEPRECATED_OBJC_IMPLEMENTATIONS = YES;
				CLANG_WARN_DIRECT_OBJC_ISA_USAGE = YES_ERROR;
				CLANG_WARN_DOCUMENTATION_COMMENTS = YES;
				CLANG_WARN_EMPTY_BODY = YES;
				CLANG_WARN_ENUM_CONVERSION = YES;
				CLANG_WARN_INFINITE_RECURSION = YES;
				CLANG_WARN_INT_CONVERSION = YES;
				CLANG_WARN_NON_LITERAL_NULL_CONVERSION = YES;
				CLANG_WARN_OBJC_IMPLICIT_RETAIN_SELF = YES;
				CLANG_WARN_OBJC_LITERAL_CONVERSION = YES;
				CLANG_WARN_OBJC_ROOT_CLASS = YES_ERROR;
				CLANG_WARN_QUOTED_INCLUDE_IN_FRAMEWORK_HEADER = YES;
				CLANG_WARN_RANGE_LOOP_ANALYSIS = YES;
				CLANG_WARN_STRICT_PROTOTYPES = YES;
				CLANG_WARN_SUSPICIOUS_MOVE = YES;
				CLANG_WARN_UNGUARDED_AVAILABILITY = YES_AGGRESSIVE;
				CLANG_WARN_UNREACHABLE_CODE = YES;
				CLANG_WARN__DUPLICATE_METHOD_MATCH = YES;
				COPY_PHASE_STRIP = NO;
				DEBUG_INFORMATION_FORMAT = "dwarf-with-dsym";
				ENABLE_NS_ASSERTIONS = NO;
				ENABLE_STRICT_OBJC_MSGSEND = YES;
				GCC_C_LANGUAGE_STANDARD = gnu11;
				GCC_NO_COMMON_BLOCKS = YES;
				GCC_WARN_64_TO_32_BIT_CONVERSION = YES;
				GCC_WARN_ABOUT_RETURN_TYPE = YES_ERROR;
				GCC_WARN_UNDECLARED_SELECTOR = YES;
				GCC_WARN_UNINITIALIZED_AUTOS = YES_AGGRESSIVE;
				GCC_WARN_UNUSED_FUNCTION = YES;
				GCC_WARN_UNUSED_VARIABLE = YES;
				IPHONEOS_DEPLOYMENT_TARGET = 16.4;
				MTL_ENABLE_DEBUG_INFO = NO;
				MTL_FAST_MATH = YES;
				SDKROOT = iphoneos;
				SWIFT_COMPILATION_MODE = wholemodule;
				SWIFT_OPTIMIZATION_LEVEL = "-O";
				VALIDATE_PRODUCT = YES;
			};
			name = Release;
		};
		9C14035029F938590062695D /* Debug */ = {
			isa = XCBuildConfiguration;
			buildSettings = {
				ASSETCATALOG_COMPILER_APPICON_NAME = AppIcon;
				ASSETCATALOG_COMPILER_GLOBAL_ACCENT_COLOR_NAME = AccentColor;
				CODE_SIGN_STYLE = Automatic;
				CURRENT_PROJECT_VERSION = 1;
				DEVELOPMENT_TEAM = 4CGJ66G3BY;
				GENERATE_INFOPLIST_FILE = YES;
				INFOPLIST_FILE = "simpsons-app/Info.plist";
				INFOPLIST_KEY_UIApplicationSupportsIndirectInputEvents = YES;
				INFOPLIST_KEY_UILaunchStoryboardName = LaunchScreen;
				INFOPLIST_KEY_UIMainStoryboardFile = Main;
				INFOPLIST_KEY_UISupportedInterfaceOrientations_iPad = "UIInterfaceOrientationPortrait UIInterfaceOrientationPortraitUpsideDown UIInterfaceOrientationLandscapeLeft UIInterfaceOrientationLandscapeRight";
				INFOPLIST_KEY_UISupportedInterfaceOrientations_iPhone = "UIInterfaceOrientationPortrait UIInterfaceOrientationLandscapeLeft UIInterfaceOrientationLandscapeRight";
				LD_RUNPATH_SEARCH_PATHS = (
					"$(inherited)",
					"@executable_path/Frameworks",
				);
				MARKETING_VERSION = 1.0;
				PRODUCT_BUNDLE_IDENTIFIER = "Dinara-Zimanova.simpsons-app";
				PRODUCT_NAME = "$(TARGET_NAME)";
				SWIFT_EMIT_LOC_STRINGS = YES;
				SWIFT_VERSION = 5.0;
				TARGETED_DEVICE_FAMILY = "1,2";
			};
			name = Debug;
		};
		9C14035129F938590062695D /* Release */ = {
			isa = XCBuildConfiguration;
			buildSettings = {
				ASSETCATALOG_COMPILER_APPICON_NAME = AppIcon;
				ASSETCATALOG_COMPILER_GLOBAL_ACCENT_COLOR_NAME = AccentColor;
				CODE_SIGN_STYLE = Automatic;
				CURRENT_PROJECT_VERSION = 1;
				DEVELOPMENT_TEAM = 4CGJ66G3BY;
				GENERATE_INFOPLIST_FILE = YES;
				INFOPLIST_FILE = "simpsons-app/Info.plist";
				INFOPLIST_KEY_UIApplicationSupportsIndirectInputEvents = YES;
				INFOPLIST_KEY_UILaunchStoryboardName = LaunchScreen;
				INFOPLIST_KEY_UIMainStoryboardFile = Main;
				INFOPLIST_KEY_UISupportedInterfaceOrientations_iPad = "UIInterfaceOrientationPortrait UIInterfaceOrientationPortraitUpsideDown UIInterfaceOrientationLandscapeLeft UIInterfaceOrientationLandscapeRight";
				INFOPLIST_KEY_UISupportedInterfaceOrientations_iPhone = "UIInterfaceOrientationPortrait UIInterfaceOrientationLandscapeLeft UIInterfaceOrientationLandscapeRight";
				LD_RUNPATH_SEARCH_PATHS = (
					"$(inherited)",
					"@executable_path/Frameworks",
				);
				MARKETING_VERSION = 1.0;
				PRODUCT_BUNDLE_IDENTIFIER = "Dinara-Zimanova.simpsons-app";
				PRODUCT_NAME = "$(TARGET_NAME)";
				SWIFT_EMIT_LOC_STRINGS = YES;
				SWIFT_VERSION = 5.0;
				TARGETED_DEVICE_FAMILY = "1,2";
			};
			name = Release;
		};
/* End XCBuildConfiguration section */

/* Begin XCConfigurationList section */
		9C14033629F938580062695D /* Build configuration list for PBXProject "simpsons-app" */ = {
			isa = XCConfigurationList;
			buildConfigurations = (
				9C14034D29F938590062695D /* Debug */,
				9C14034E29F938590062695D /* Release */,
			);
			defaultConfigurationIsVisible = 0;
			defaultConfigurationName = Release;
		};
		9C14034F29F938590062695D /* Build configuration list for PBXNativeTarget "simpsons-app" */ = {
			isa = XCConfigurationList;
			buildConfigurations = (
				9C14035029F938590062695D /* Debug */,
				9C14035129F938590062695D /* Release */,
			);
			defaultConfigurationIsVisible = 0;
			defaultConfigurationName = Release;
		};
/* End XCConfigurationList section */
	};
	rootObject = 9C14033329F938580062695D /* Project object */;
}
